
Microsoft Visual Studio Solution File, Format Version 12.00
# Visual Studio Version 17
VisualStudioVersion = 17.13.35931.197
MinimumVisualStudioVersion = 10.0.40219.1
Project("{FAE04EC0-301F-11D3-BF4B-00C04F79EFBC}") = "01_IntroToDotNet", "01_IntroToDotNet\01_IntroToDotNet.csproj", "{C0B2408E-918E-4ED4-B8DF-0F430EEE06E7}"
EndProject
Project("{FAE04EC0-301F-11D3-BF4B-00C04F79EFBC}") = "02_Arrays", "02_Arrays\02_Arrays.csproj", "{316164F8-F645-42B3-9F39-A1BB20F67CCA}"
EndProject
Project("{FAE04EC0-301F-11D3-BF4B-00C04F79EFBC}") = "03_StringStringBuilder", "03_StringStringBuilder\03_StringStringBuilder.csproj", "{B63103F8-CA0F-4837-9A74-BD3722CD37EC}"
EndProject
Project("{FAE04EC0-301F-11D3-BF4B-00C04F79EFBC}") = "04_IntroToOOP", "04_IntroToOOP\04_IntroToOOP.csproj", "{438EAFDD-E187-45EE-AE37-EEB6F4DD30B5}"
EndProject
Project("{FAE04EC0-301F-11D3-BF4B-00C04F79EFBC}") = "05_StructRefOut", "05_StructRefOut\05_StructRefOut.csproj", "{B2611A5C-77AA-4851-84A3-3C8A9C35CABB}"
EndProject
Project("{FAE04EC0-301F-11D3-BF4B-00C04F79EFBC}") = "06_ExceptionNamespaces", "06_ExceptionNamespaces\06_ExceptionNamespaces.csproj", "{E61388AB-C24C-4C24-A5DE-8C65F3029A9E}"
EndProject
Project("{FAE04EC0-301F-11D3-BF4B-00C04F79EFBC}") = "07_OverloadOperators", "07_OverloadOperators\07_OverloadOperators.csproj", "{4A9EE084-7B37-45DE-B169-0B0DEEACF256}"
EndProject
Project("{FAE04EC0-301F-11D3-BF4B-00C04F79EFBC}") = "08_InheritanceIndexers", "08_InheritanceIndexers\08_InheritanceIndexers.csproj", "{91299978-83D2-4829-A7DA-12800A0A3C32}"
EndProject
Project("{FAE04EC0-301F-11D3-BF4B-00C04F79EFBC}") = "09_Interfaces", "09_Interfaces\09_Interfaces.csproj", "{006A3FAB-EBE3-46C6-B562-19E1A06FD215}"
EndProject
Project("{FAE04EC0-301F-11D3-BF4B-00C04F79EFBC}") = "10_StandartInterfaces", "10_StandartInterfaces\10_StandartInterfaces.csproj", "{B96098DA-5E52-46F1-83DE-0DF0426061EA}"
EndProject
Project("{FAE04EC0-301F-11D3-BF4B-00C04F79EFBC}") = "11_Delegates", "11_Delegates\11_Delegates.csproj", "{297F3C8B-B12C-4CAB-B0F2-2E8033EF2B8A}"
EndProject
Project("{FAE04EC0-301F-11D3-BF4B-00C04F79EFBC}") = "12_EventCallBackFunction", "12_EventCallBackFunction\12_EventCallBackFunction.csproj", "{F82E02F0-0D11-43A5-9049-CC3AED363974}"
EndProject
Global
	GlobalSection(SolutionConfigurationPlatforms) = preSolution
		Debug|Any CPU = Debug|Any CPU
		Release|Any CPU = Release|Any CPU
	EndGlobalSection
	GlobalSection(ProjectConfigurationPlatforms) = postSolution
		{C0B2408E-918E-4ED4-B8DF-0F430EEE06E7}.Debug|Any CPU.ActiveCfg = Debug|Any CPU
		{C0B2408E-918E-4ED4-B8DF-0F430EEE06E7}.Debug|Any CPU.Build.0 = Debug|Any CPU
		{C0B2408E-918E-4ED4-B8DF-0F430EEE06E7}.Release|Any CPU.ActiveCfg = Release|Any CPU
		{C0B2408E-918E-4ED4-B8DF-0F430EEE06E7}.Release|Any CPU.Build.0 = Release|Any CPU
		{316164F8-F645-42B3-9F39-A1BB20F67CCA}.Debug|Any CPU.ActiveCfg = Debug|Any CPU
		{316164F8-F645-42B3-9F39-A1BB20F67CCA}.Debug|Any CPU.Build.0 = Debug|Any CPU
		{316164F8-F645-42B3-9F39-A1BB20F67CCA}.Release|Any CPU.ActiveCfg = Release|Any CPU
		{316164F8-F645-42B3-9F39-A1BB20F67CCA}.Release|Any CPU.Build.0 = Release|Any CPU
		{B63103F8-CA0F-4837-9A74-BD3722CD37EC}.Debug|Any CPU.ActiveCfg = Debug|Any CPU
		{B63103F8-CA0F-4837-9A74-BD3722CD37EC}.Debug|Any CPU.Build.0 = Debug|Any CPU
		{B63103F8-CA0F-4837-9A74-BD3722CD37EC}.Release|Any CPU.ActiveCfg = Release|Any CPU
		{B63103F8-CA0F-4837-9A74-BD3722CD37EC}.Release|Any CPU.Build.0 = Release|Any CPU
		{438EAFDD-E187-45EE-AE37-EEB6F4DD30B5}.Debug|Any CPU.ActiveCfg = Debug|Any CPU
		{438EAFDD-E187-45EE-AE37-EEB6F4DD30B5}.Debug|Any CPU.Build.0 = Debug|Any CPU
		{438EAFDD-E187-45EE-AE37-EEB6F4DD30B5}.Release|Any CPU.ActiveCfg = Release|Any CPU
		{438EAFDD-E187-45EE-AE37-EEB6F4DD30B5}.Release|Any CPU.Build.0 = Release|Any CPU
		{B2611A5C-77AA-4851-84A3-3C8A9C35CABB}.Debug|Any CPU.ActiveCfg = Debug|Any CPU
		{B2611A5C-77AA-4851-84A3-3C8A9C35CABB}.Debug|Any CPU.Build.0 = Debug|Any CPU
		{B2611A5C-77AA-4851-84A3-3C8A9C35CABB}.Release|Any CPU.ActiveCfg = Release|Any CPU
		{B2611A5C-77AA-4851-84A3-3C8A9C35CABB}.Release|Any CPU.Build.0 = Release|Any CPU
		{E61388AB-C24C-4C24-A5DE-8C65F3029A9E}.Debug|Any CPU.ActiveCfg = Debug|Any CPU
		{E61388AB-C24C-4C24-A5DE-8C65F3029A9E}.Debug|Any CPU.Build.0 = Debug|Any CPU
		{E61388AB-C24C-4C24-A5DE-8C65F3029A9E}.Release|Any CPU.ActiveCfg = Release|Any CPU
		{E61388AB-C24C-4C24-A5DE-8C65F3029A9E}.Release|Any CPU.Build.0 = Release|Any CPU
		{4A9EE084-7B37-45DE-B169-0B0DEEACF256}.Debug|Any CPU.ActiveCfg = Debug|Any CPU
		{4A9EE084-7B37-45DE-B169-0B0DEEACF256}.Debug|Any CPU.Build.0 = Debug|Any CPU
		{4A9EE084-7B37-45DE-B169-0B0DEEACF256}.Release|Any CPU.ActiveCfg = Release|Any CPU
		{4A9EE084-7B37-45DE-B169-0B0DEEACF256}.Release|Any CPU.Build.0 = Release|Any CPU
		{91299978-83D2-4829-A7DA-12800A0A3C32}.Debug|Any CPU.ActiveCfg = Debug|Any CPU
		{91299978-83D2-4829-A7DA-12800A0A3C32}.Debug|Any CPU.Build.0 = Debug|Any CPU
		{91299978-83D2-4829-A7DA-12800A0A3C32}.Release|Any CPU.ActiveCfg = Release|Any CPU
		{91299978-83D2-4829-A7DA-12800A0A3C32}.Release|Any CPU.Build.0 = Release|Any CPU
		{006A3FAB-EBE3-46C6-B562-19E1A06FD215}.Debug|Any CPU.ActiveCfg = Debug|Any CPU
		{006A3FAB-EBE3-46C6-B562-19E1A06FD215}.Debug|Any CPU.Build.0 = Debug|Any CPU
		{006A3FAB-EBE3-46C6-B562-19E1A06FD215}.Release|Any CPU.ActiveCfg = Release|Any CPU
		{006A3FAB-EBE3-46C6-B562-19E1A06FD215}.Release|Any CPU.Build.0 = Release|Any CPU
		{B96098DA-5E52-46F1-83DE-0DF0426061EA}.Debug|Any CPU.ActiveCfg = Debug|Any CPU
		{B96098DA-5E52-46F1-83DE-0DF0426061EA}.Debug|Any CPU.Build.0 = Debug|Any CPU
		{B96098DA-5E52-46F1-83DE-0DF0426061EA}.Release|Any CPU.ActiveCfg = Release|Any CPU
		{B96098DA-5E52-46F1-83DE-0DF0426061EA}.Release|Any CPU.Build.0 = Release|Any CPU
		{297F3C8B-B12C-4CAB-B0F2-2E8033EF2B8A}.Debug|Any CPU.ActiveCfg = Debug|Any CPU
		{297F3C8B-B12C-4CAB-B0F2-2E8033EF2B8A}.Debug|Any CPU.Build.0 = Debug|Any CPU
		{297F3C8B-B12C-4CAB-B0F2-2E8033EF2B8A}.Release|Any CPU.ActiveCfg = Release|Any CPU
		{297F3C8B-B12C-4CAB-B0F2-2E8033EF2B8A}.Release|Any CPU.Build.0 = Release|Any CPU
		{F82E02F0-0D11-43A5-9049-CC3AED363974}.Debug|Any CPU.ActiveCfg = Debug|Any CPU
		{F82E02F0-0D11-43A5-9049-CC3AED363974}.Debug|Any CPU.Build.0 = Debug|Any CPU
		{F82E02F0-0D11-43A5-9049-CC3AED363974}.Release|Any CPU.ActiveCfg = Release|Any CPU
		{F82E02F0-0D11-43A5-9049-CC3AED363974}.Release|Any CPU.Build.0 = Release|Any CPU
	EndGlobalSection
	GlobalSection(SolutionProperties) = preSolution
		HideSolutionNode = FALSE
	EndGlobalSection
	GlobalSection(ExtensibilityGlobals) = postSolution
		SolutionGuid = {9031E1D0-47CB-4091-8FE6-9F283E181DDD}
	EndGlobalSection
EndGlobal
